
Microsoft Visual Studio Solution File, Format Version 12.00
# Visual Studio Version 17
VisualStudioVersion = 17.4.33213.308
MinimumVisualStudioVersion = 10.0.40219.1
Project("{9A19103F-16F7-4668-BE54-9A1E7A4F7556}") = "DSI.PPAI.IVR", "DSI.PPAI.IVR\DSI.PPAI.IVR.csproj", "{9C166641-6C64-478A-865E-7235D4361906}"
EndProject
Project("{9A19103F-16F7-4668-BE54-9A1E7A4F7556}") = "DSI.PPAI.IVR.Domain", "DSI.PPAI.IVR.Domain\DSI.PPAI.IVR.Domain.csproj", "{78D090FA-1573-4C75-A434-E5F23BCC84CD}"
EndProject
Global
	GlobalSection(SolutionConfigurationPlatforms) = preSolution
		Debug|Any CPU = Debug|Any CPU
		Release|Any CPU = Release|Any CPU
	EndGlobalSection
	GlobalSection(ProjectConfigurationPlatforms) = postSolution
		{9C166641-6C64-478A-865E-7235D4361906}.Debug|Any CPU.ActiveCfg = Debug|Any CPU
		{9C166641-6C64-478A-865E-7235D4361906}.Debug|Any CPU.Build.0 = Debug|Any CPU
		{9C166641-6C64-478A-865E-7235D4361906}.Release|Any CPU.ActiveCfg = Release|Any CPU
		{9C166641-6C64-478A-865E-7235D4361906}.Release|Any CPU.Build.0 = Release|Any CPU
		{78D090FA-1573-4C75-A434-E5F23BCC84CD}.Debug|Any CPU.ActiveCfg = Debug|Any CPU
		{78D090FA-1573-4C75-A434-E5F23BCC84CD}.Debug|Any CPU.Build.0 = Debug|Any CPU
		{78D090FA-1573-4C75-A434-E5F23BCC84CD}.Release|Any CPU.ActiveCfg = Release|Any CPU
		{78D090FA-1573-4C75-A434-E5F23BCC84CD}.Release|Any CPU.Build.0 = Release|Any CPU
	EndGlobalSection
	GlobalSection(SolutionProperties) = preSolution
		HideSolutionNode = FALSE
	EndGlobalSection
	GlobalSection(ExtensibilityGlobals) = postSolution
		SolutionGuid = {CE2D1962-DE61-41CF-BFA5-9CC22B2E208A}
	EndGlobalSection
EndGlobal
